
Microsoft Visual Studio Solution File, Format Version 12.00
# Visual Studio Version 17
VisualStudioVersion = 17.0.32112.339
MinimumVisualStudioVersion = 10.0.40219.1
Project("{FAE04EC0-301F-11D3-BF4B-00C04F79EFBC}") = "Proyecto", "Proyecto\Proyecto.csproj", "{62B2A1A7-1FD3-4ACE-B374-09825D53C7FB}"
EndProject
Global
	GlobalSection(SolutionConfigurationPlatforms) = preSolution
		Debug|Any CPU = Debug|Any CPU
		Release|Any CPU = Release|Any CPU
	EndGlobalSection
	GlobalSection(ProjectConfigurationPlatforms) = postSolution
		{62B2A1A7-1FD3-4ACE-B374-09825D53C7FB}.Debug|Any CPU.ActiveCfg = Debug|Any CPU
		{62B2A1A7-1FD3-4ACE-B374-09825D53C7FB}.Debug|Any CPU.Build.0 = Debug|Any CPU
		{62B2A1A7-1FD3-4ACE-B374-09825D53C7FB}.Release|Any CPU.ActiveCfg = Release|Any CPU
		{62B2A1A7-1FD3-4ACE-B374-09825D53C7FB}.Release|Any CPU.Build.0 = Release|Any CPU
	EndGlobalSection
	GlobalSection(SolutionProperties) = preSolution
		HideSolutionNode = FALSE
	EndGlobalSection
	GlobalSection(ExtensibilityGlobals) = postSolution
		SolutionGuid = {8104883F-CCB4-4F88-802D-D3CD85304B51}
	EndGlobalSection
EndGlobal
